// !$*UTF8*$!
{
	archiveVersion = 1;
	classes = {
	};
	objectVersion = 55;
	objects = {

/* Begin PBXBuildFile section */
		BA148FDA27D8E3280004E4C1 /* AppDelegate.swift in Sources */ = {isa = PBXBuildFile; fileRef = BA148FD927D8E3280004E4C1 /* AppDelegate.swift */; };
		BA148FDC27D8E3280004E4C1 /* SceneDelegate.swift in Sources */ = {isa = PBXBuildFile; fileRef = BA148FDB27D8E3280004E4C1 /* SceneDelegate.swift */; };
		BA148FDE27D8E3280004E4C1 /* ViewController.swift in Sources */ = {isa = PBXBuildFile; fileRef = BA148FDD27D8E3280004E4C1 /* ViewController.swift */; };
		BA148FE127D8E3280004E4C1 /* Main.storyboard in Resources */ = {isa = PBXBuildFile; fileRef = BA148FDF27D8E3280004E4C1 /* Main.storyboard */; };
		BA148FE327D8E32A0004E4C1 /* Assets.xcassets in Resources */ = {isa = PBXBuildFile; fileRef = BA148FE227D8E32A0004E4C1 /* Assets.xcassets */; };
		BA148FE627D8E32A0004E4C1 /* LaunchScreen.storyboard in Resources */ = {isa = PBXBuildFile; fileRef = BA148FE427D8E32A0004E4C1 /* LaunchScreen.storyboard */; };
		BA148FEE27D8E3490004E4C1 /* CryptoUtils.swift in Sources */ = {isa = PBXBuildFile; fileRef = BA148FED27D8E3490004E4C1 /* CryptoUtils.swift */; };
		BA148FF127D8E6620004E4C1 /* CryptoSwift in Frameworks */ = {isa = PBXBuildFile; productRef = BA148FF027D8E6620004E4C1 /* CryptoSwift */; };
/* End PBXBuildFile section */

/* Begin PBXFileReference section */
		BA148FD627D8E3280004E4C1 /* encrypt-AES.app */ = {isa = PBXFileReference; explicitFileType = wrapper.application; includeInIndex = 0; path = "encrypt-AES.app"; sourceTree = BUILT_PRODUCTS_DIR; };
		BA148FD927D8E3280004E4C1 /* AppDelegate.swift */ = {isa = PBXFileReference; lastKnownFileType = sourcecode.swift; path = AppDelegate.swift; sourceTree = "<group>"; };
		BA148FDB27D8E3280004E4C1 /* SceneDelegate.swift */ = {isa = PBXFileReference; lastKnownFileType = sourcecode.swift; path = SceneDelegate.swift; sourceTree = "<group>"; };
		BA148FDD27D8E3280004E4C1 /* ViewController.swift */ = {isa = PBXFileReference; lastKnownFileType = sourcecode.swift; path = ViewController.swift; sourceTree = "<group>"; };
		BA148FE027D8E3280004E4C1 /* Base */ = {isa = PBXFileReference; lastKnownFileType = file.storyboard; name = Base; path = Base.lproj/Main.storyboard; sourceTree = "<group>"; };
		BA148FE227D8E32A0004E4C1 /* Assets.xcassets */ = {isa = PBXFileReference; lastKnownFileType = folder.assetcatalog; path = Assets.xcassets; sourceTree = "<group>"; };
		BA148FE527D8E32A0004E4C1 /* Base */ = {isa = PBXFileReference; lastKnownFileType = file.storyboard; name = Base; path = Base.lproj/LaunchScreen.storyboard; sourceTree = "<group>"; };
		BA148FE727D8E32A0004E4C1 /* Info.plist */ = {isa = PBXFileReference; lastKnownFileType = text.plist.xml; path = Info.plist; sourceTree = "<group>"; };
		BA148FED27D8E3490004E4C1 /* CryptoUtils.swift */ = {isa = PBXFileReference; lastKnownFileType = sourcecode.swift; path = CryptoUtils.swift; sourceTree = "<group>"; };
/* End PBXFileReference section */

/* Begin PBXFrameworksBuildPhase section */
		BA148FD327D8E3280004E4C1 /* Frameworks */ = {
			isa = PBXFrameworksBuildPhase;
			buildActionMask = 2147483647;
			files = (
				BA148FF127D8E6620004E4C1 /* CryptoSwift in Frameworks */,
			);
			runOnlyForDeploymentPostprocessing = 0;
		};
/* End PBXFrameworksBuildPhase section */

/* Begin PBXGroup section */
		BA148FCD27D8E3280004E4C1 = {
			isa = PBXGroup;
			children = (
				BA148FD827D8E3280004E4C1 /* encrypt-AES */,
				BA148FD727D8E3280004E4C1 /* Products */,
			);
			sourceTree = "<group>";
		};
		BA148FD727D8E3280004E4C1 /* Products */ = {
			isa = PBXGroup;
			children = (
				BA148FD627D8E3280004E4C1 /* encrypt-AES.app */,
			);
			name = Products;
			sourceTree = "<group>";
		};
		BA148FD827D8E3280004E4C1 /* encrypt-AES */ = {
			isa = PBXGroup;
			children = (
				BA148FD927D8E3280004E4C1 /* AppDelegate.swift */,
				BA148FDB27D8E3280004E4C1 /* SceneDelegate.swift */,
				BA148FDD27D8E3280004E4C1 /* ViewController.swift */,
				BA148FDF27D8E3280004E4C1 /* Main.storyboard */,
				BA148FE227D8E32A0004E4C1 /* Assets.xcassets */,
				BA148FE427D8E32A0004E4C1 /* LaunchScreen.storyboard */,
				BA148FE727D8E32A0004E4C1 /* Info.plist */,
				BA148FED27D8E3490004E4C1 /* CryptoUtils.swift */,
			);
			path = "encrypt-AES";
			sourceTree = "<group>";
		};
/* End PBXGroup section */

/* Begin PBXNativeTarget section */
		BA148FD527D8E3280004E4C1 /* encrypt-AES */ = {
			isa = PBXNativeTarget;
			buildConfigurationList = BA148FEA27D8E32A0004E4C1 /* Build configuration list for PBXNativeTarget "encrypt-AES" */;
			buildPhases = (
				BA148FD227D8E3280004E4C1 /* Sources */,
				BA148FD327D8E3280004E4C1 /* Frameworks */,
				BA148FD427D8E3280004E4C1 /* Resources */,
			);
			buildRules = (
			);
			dependencies = (
			);
			name = "encrypt-AES";
			packageProductDependencies = (
				BA148FF027D8E6620004E4C1 /* CryptoSwift */,
			);
			productName = "encrypt-AES";
			productReference = BA148FD627D8E3280004E4C1 /* encrypt-AES.app */;
			productType = "com.apple.product-type.application";
		};
/* End PBXNativeTarget section */

/* Begin PBXProject section */
		BA148FCE27D8E3280004E4C1 /* Project object */ = {
			isa = PBXProject;
			attributes = {
				BuildIndependentTargetsInParallel = 1;
				LastSwiftUpdateCheck = 1320;
				LastUpgradeCheck = 1320;
				TargetAttributes = {
					BA148FD527D8E3280004E4C1 = {
						CreatedOnToolsVersion = 13.2.1;
					};
				};
			};
			buildConfigurationList = BA148FD127D8E3280004E4C1 /* Build configuration list for PBXProject "encrypt-AES" */;
			compatibilityVersion = "Xcode 13.0";
			developmentRegion = en;
			hasScannedForEncodings = 0;
			knownRegions = (
				en,
				Base,
			);
			mainGroup = BA148FCD27D8E3280004E4C1;
			packageReferences = (
				BA148FEF27D8E6620004E4C1 /* XCRemoteSwiftPackageReference "CryptoSwift" */,
			);
			productRefGroup = BA148FD727D8E3280004E4C1 /* Products */;
			projectDirPath = "";
			projectRoot = "";
			targets = (
				BA148FD527D8E3280004E4C1 /* encrypt-AES */,
			);
		};
/* End PBXProject section */

/* Begin PBXResourcesBuildPhase section */
		BA148FD427D8E3280004E4C1 /* Resources */ = {
			isa = PBXResourcesBuildPhase;
			buildActionMask = 2147483647;
			files = (
				BA148FE627D8E32A0004E4C1 /* LaunchScreen.storyboard in Resources */,
				BA148FE327D8E32A0004E4C1 /* Assets.xcassets in Resources */,
				BA148FE127D8E3280004E4C1 /* Main.storyboard in Resources */,
			);
			runOnlyForDeploymentPostprocessing = 0;
		};
/* End PBXResourcesBuildPhase section */

/* Begin PBXSourcesBuildPhase section */
		BA148FD227D8E3280004E4C1 /* Sources */ = {
			isa = PBXSourcesBuildPhase;
			buildActionMask = 2147483647;
			files = (
				BA148FDE27D8E3280004E4C1 /* ViewController.swift in Sources */,
				BA148FDA27D8E3280004E4C1 /* AppDelegate.swift in Sources */,
				BA148FEE27D8E3490004E4C1 /* CryptoUtils.swift in Sources */,
				BA148FDC27D8E3280004E4C1 /* SceneDelegate.swift in Sources */,
			);
			runOnlyForDeploymentPostprocessing = 0;
		};
/* End PBXSourcesBuildPhase section */

/* Begin PBXVariantGroup section */
		BA148FDF27D8E3280004E4C1 /* Main.storyboard */ = {
			isa = PBXVariantGroup;
			children = (
				BA148FE027D8E3280004E4C1 /* Base */,
			);
			name = Main.storyboard;
			sourceTree = "<group>";
		};
		BA148FE427D8E32A0004E4C1 /* LaunchScreen.storyboard */ = {
			isa = PBXVariantGroup;
			children = (
				BA148FE527D8E32A0004E4C1 /* Base */,
			);
			name = LaunchScreen.storyboard;
			sourceTree = "<group>";
		};
/* End PBXVariantGroup section */

/* Begin XCBuildConfiguration section */
		BA148FE827D8E32A0004E4C1 /* Debug */ = {
			isa = XCBuildConfiguration;
			buildSettings = {
				ALWAYS_SEARCH_USER_PATHS = NO;
				CLANG_ANALYZER_NONNULL = YES;
				CLANG_ANALYZER_NUMBER_OBJECT_CONVERSION = YES_AGGRESSIVE;
				CLANG_CXX_LANGUAGE_STANDARD = "gnu++17";
				CLANG_CXX_LIBRARY = "libc++";
				CLANG_ENABLE_MODULES = YES;
				CLANG_ENABLE_OBJC_ARC = YES;
				CLANG_ENABLE_OBJC_WEAK = YES;
				CLANG_WARN_BLOCK_CAPTURE_AUTORELEASING = YES;
				CLANG_WARN_BOOL_CONVERSION = YES;
				CLANG_WARN_COMMA = YES;
				CLANG_WARN_CONSTANT_CONVERSION = YES;
				CLANG_WARN_DEPRECATED_OBJC_IMPLEMENTATIONS = YES;
				CLANG_WARN_DIRECT_OBJC_ISA_USAGE = YES_ERROR;
				CLANG_WARN_DOCUMENTATION_COMMENTS = YES;
				CLANG_WARN_EMPTY_BODY = YES;
				CLANG_WARN_ENUM_CONVERSION = YES;
				CLANG_WARN_INFINITE_RECURSION = YES;
				CLANG_WARN_INT_CONVERSION = YES;
				CLANG_WARN_NON_LITERAL_NULL_CONVERSION = YES;
				CLANG_WARN_OBJC_IMPLICIT_RETAIN_SELF = YES;
				CLANG_WARN_OBJC_LITERAL_CONVERSION = YES;
				CLANG_WARN_OBJC_ROOT_CLASS = YES_ERROR;
				CLANG_WARN_QUOTED_INCLUDE_IN_FRAMEWORK_HEADER = YES;
				CLANG_WARN_RANGE_LOOP_ANALYSIS = YES;
				CLANG_WARN_STRICT_PROTOTYPES = YES;
				CLANG_WARN_SUSPICIOUS_MOVE = YES;
				CLANG_WARN_UNGUARDED_AVAILABILITY = YES_AGGRESSIVE;
				CLANG_WARN_UNREACHABLE_CODE = YES;
				CLANG_WARN__DUPLICATE_METHOD_MATCH = YES;
				COPY_PHASE_STRIP = NO;
				DEBUG_INFORMATION_FORMAT = dwarf;
				ENABLE_STRICT_OBJC_MSGSEND = YES;
				ENABLE_TESTABILITY = YES;
				GCC_C_LANGUAGE_STANDARD = gnu11;
				GCC_DYNAMIC_NO_PIC = NO;
				GCC_NO_COMMON_BLOCKS = YES;
				GCC_OPTIMIZATION_LEVEL = 0;
				GCC_PREPROCESSOR_DEFINITIONS = (
					"DEBUG=1",
					"$(inherited)",
				);
				GCC_WARN_64_TO_32_BIT_CONVERSION = YES;
				GCC_WARN_ABOUT_RETURN_TYPE = YES_ERROR;
				GCC_WARN_UNDECLARED_SELECTOR = YES;
				GCC_WARN_UNINITIALIZED_AUTOS = YES_AGGRESSIVE;
				GCC_WARN_UNUSED_FUNCTION = YES;
				GCC_WARN_UNUSED_VARIABLE = YES;
				IPHONEOS_DEPLOYMENT_TARGET = 14.3;
				MTL_ENABLE_DEBUG_INFO = INCLUDE_SOURCE;
				MTL_FAST_MATH = YES;
				ONLY_ACTIVE_ARCH = YES;
				SDKROOT = iphoneos;
				SWIFT_ACTIVE_COMPILATION_CONDITIONS = DEBUG;
				SWIFT_OPTIMIZATION_LEVEL = "-Onone";
			};
			name = Debug;
		};
		BA148FE927D8E32A0004E4C1 /* Release */ = {
			isa = XCBuildConfiguration;
			buildSettings = {
				ALWAYS_SEARCH_USER_PATHS = NO;
				CLANG_ANALYZER_NONNULL = YES;
				CLANG_ANALYZER_NUMBER_OBJECT_CONVERSION = YES_AGGRESSIVE;
				CLANG_CXX_LANGUAGE_STANDARD = "gnu++17";
				CLANG_CXX_LIBRARY = "libc++";
				CLANG_ENABLE_MODULES = YES;
				CLANG_ENABLE_OBJC_ARC = YES;
				CLANG_ENABLE_OBJC_WEAK = YES;
				CLANG_WARN_BLOCK_CAPTURE_AUTORELEASING = YES;
				CLANG_WARN_BOOL_CONVERSION = YES;
				CLANG_WARN_COMMA = YES;
				CLANG_WARN_CONSTANT_CONVERSION = YES;
				CLANG_WARN_DEPRECATED_OBJC_IMPLEMENTATIONS = YES;
				CLANG_WARN_DIRECT_OBJC_ISA_USAGE = YES_ERROR;
				CLANG_WARN_DOCUMENTATION_COMMENTS = YES;
				CLANG_WARN_EMPTY_BODY = YES;
				CLANG_WARN_ENUM_CONVERSION = YES;
				CLANG_WARN_INFINITE_RECURSION = YES;
				CLANG_WARN_INT_CONVERSION = YES;
				CLANG_WARN_NON_LITERAL_NULL_CONVERSION = YES;
				CLANG_WARN_OBJC_IMPLICIT_RETAIN_SELF = YES;
				CLANG_WARN_OBJC_LITERAL_CONVERSION = YES;
				CLANG_WARN_OBJC_ROOT_CLASS = YES_ERROR;
				CLANG_WARN_QUOTED_INCLUDE_IN_FRAMEWORK_HEADER = YES;
				CLANG_WARN_RANGE_LOOP_ANALYSIS = YES;
				CLANG_WARN_STRICT_PROTOTYPES = YES;
				CLANG_WARN_SUSPICIOUS_MOVE = YES;
				CLANG_WARN_UNGUARDED_AVAILABILITY = YES_AGGRESSIVE;
				CLANG_WARN_UNREACHABLE_CODE = YES;
				CLANG_WARN__DUPLICATE_METHOD_MATCH = YES;
				COPY_PHASE_STRIP = NO;
				DEBUG_INFORMATION_FORMAT = "dwarf-with-dsym";
				ENABLE_NS_ASSERTIONS = NO;
				ENABLE_STRICT_OBJC_MSGSEND = YES;
				GCC_C_LANGUAGE_STANDARD = gnu11;
				GCC_NO_COMMON_BLOCKS = YES;
				GCC_WARN_64_TO_32_BIT_CONVERSION = YES;
				GCC_WARN_ABOUT_RETURN_TYPE = YES_ERROR;
				GCC_WARN_UNDECLARED_SELECTOR = YES;
				GCC_WARN_UNINITIALIZED_AUTOS = YES_AGGRESSIVE;
				GCC_WARN_UNUSED_FUNCTION = YES;
				GCC_WARN_UNUSED_VARIABLE = YES;
				IPHONEOS_DEPLOYMENT_TARGET = 14.3;
				MTL_ENABLE_DEBUG_INFO = NO;
				MTL_FAST_MATH = YES;
				SDKROOT = iphoneos;
				SWIFT_COMPILATION_MODE = wholemodule;
				SWIFT_OPTIMIZATION_LEVEL = "-O";
				VALIDATE_PRODUCT = YES;
			};
			name = Release;
		};
		BA148FEB27D8E32A0004E4C1 /* Debug */ = {
			isa = XCBuildConfiguration;
			buildSettings = {
				ASSETCATALOG_COMPILER_APPICON_NAME = AppIcon;
				ASSETCATALOG_COMPILER_GLOBAL_ACCENT_COLOR_NAME = AccentColor;
				CODE_SIGN_STYLE = Automatic;
				CURRENT_PROJECT_VERSION = 1;
				DEVELOPMENT_TEAM = K8264YTM86;
				GENERATE_INFOPLIST_FILE = YES;
				INFOPLIST_FILE = "encrypt-AES/Info.plist";
				INFOPLIST_KEY_UIApplicationSupportsIndirectInputEvents = YES;
				INFOPLIST_KEY_UILaunchStoryboardName = LaunchScreen;
				INFOPLIST_KEY_UIMainStoryboardFile = Main;
				INFOPLIST_KEY_UISupportedInterfaceOrientations_iPad = "UIInterfaceOrientationPortrait UIInterfaceOrientationPortraitUpsideDown UIInterfaceOrientationLandscapeLeft UIInterfaceOrientationLandscapeRight";
				INFOPLIST_KEY_UISupportedInterfaceOrientations_iPhone = "UIInterfaceOrientationPortrait UIInterfaceOrientationLandscapeLeft UIInterfaceOrientationLandscapeRight";
				LD_RUNPATH_SEARCH_PATHS = (
					"$(inherited)",
					"@executable_path/Frameworks",
				);
				MARKETING_VERSION = 1.0;
				PRODUCT_BUNDLE_IDENTIFIER = "com.wallace.encrypt-aes.encrypt-AES";
				PRODUCT_NAME = "$(TARGET_NAME)";
				SWIFT_EMIT_LOC_STRINGS = YES;
				SWIFT_VERSION = 5.0;
				TARGETED_DEVICE_FAMILY = "1,2";
			};
			name = Debug;
		};
		BA148FEC27D8E32A0004E4C1 /* Release */ = {
			isa = XCBuildConfiguration;
			buildSettings = {
				ASSETCATALOG_COMPILER_APPICON_NAME = AppIcon;
				ASSETCATALOG_COMPILER_GLOBAL_ACCENT_COLOR_NAME = AccentColor;
				CODE_SIGN_STYLE = Automatic;
				CURRENT_PROJECT_VERSION = 1;
				DEVELOPMENT_TEAM = K8264YTM86;
				GENERATE_INFOPLIST_FILE = YES;
				INFOPLIST_FILE = "encrypt-AES/Info.plist";
				INFOPLIST_KEY_UIApplicationSupportsIndirectInputEvents = YES;
				INFOPLIST_KEY_UILaunchStoryboardName = LaunchScreen;
				INFOPLIST_KEY_UIMainStoryboardFile = Main;
				INFOPLIST_KEY_UISupportedInterfaceOrientations_iPad = "UIInterfaceOrientationPortrait UIInterfaceOrientationPortraitUpsideDown UIInterfaceOrientationLandscapeLeft UIInterfaceOrientationLandscapeRight";
				INFOPLIST_KEY_UISupportedInterfaceOrientations_iPhone = "UIInterfaceOrientationPortrait UIInterfaceOrientationLandscapeLeft UIInterfaceOrientationLandscapeRight";
				LD_RUNPATH_SEARCH_PATHS = (
					"$(inherited)",
					"@executable_path/Frameworks",
				);
				MARKETING_VERSION = 1.0;
				PRODUCT_BUNDLE_IDENTIFIER = "com.wallace.encrypt-aes.encrypt-AES";
				PRODUCT_NAME = "$(TARGET_NAME)";
				SWIFT_EMIT_LOC_STRINGS = YES;
				SWIFT_VERSION = 5.0;
				TARGETED_DEVICE_FAMILY = "1,2";
			};
			name = Release;
		};
/* End XCBuildConfiguration section */

/* Begin XCConfigurationList section */
		BA148FD127D8E3280004E4C1 /* Build configuration list for PBXProject "encrypt-AES" */ = {
			isa = XCConfigurationList;
			buildConfigurations = (
				BA148FE827D8E32A0004E4C1 /* Debug */,
				BA148FE927D8E32A0004E4C1 /* Release */,
			);
			defaultConfigurationIsVisible = 0;
			defaultConfigurationName = Release;
		};
		BA148FEA27D8E32A0004E4C1 /* Build configuration list for PBXNativeTarget "encrypt-AES" */ = {
			isa = XCConfigurationList;
			buildConfigurations = (
				BA148FEB27D8E32A0004E4C1 /* Debug */,
				BA148FEC27D8E32A0004E4C1 /* Release */,
			);
			defaultConfigurationIsVisible = 0;
			defaultConfigurationName = Release;
		};
/* End XCConfigurationList section */

/* Begin XCRemoteSwiftPackageReference section */
		BA148FEF27D8E6620004E4C1 /* XCRemoteSwiftPackageReference "CryptoSwift" */ = {
			isa = XCRemoteSwiftPackageReference;
			repositoryURL = "https://github.com/krzyzanowskim/CryptoSwift.git";
			requirement = {
				kind = upToNextMajorVersion;
				minimumVersion = 1.4.3;
			};
		};
/* End XCRemoteSwiftPackageReference section */

/* Begin XCSwiftPackageProductDependency section */
		BA148FF027D8E6620004E4C1 /* CryptoSwift */ = {
			isa = XCSwiftPackageProductDependency;
			package = BA148FEF27D8E6620004E4C1 /* XCRemoteSwiftPackageReference "CryptoSwift" */;
			productName = CryptoSwift;
		};
/* End XCSwiftPackageProductDependency section */
	};
	rootObject = BA148FCE27D8E3280004E4C1 /* Project object */;
}
